// !$*UTF8*$!
{
	archiveVersion = 1;
	classes = {
	};
	objectVersion = 50;
	objects = {

/* Begin PBXBuildFile section */
		33F484932872D3D200BB5221 /* AppDelegate.m in Sources */ = {isa = PBXBuildFile; fileRef = 33F484922872D3D200BB5221 /* AppDelegate.m */; };
		33F484962872D3D200BB5221 /* SceneDelegate.m in Sources */ = {isa = PBXBuildFile; fileRef = 33F484952872D3D200BB5221 /* SceneDelegate.m */; };
		33F484992872D3D200BB5221 /* ViewController.m in Sources */ = {isa = PBXBuildFile; fileRef = 33F484982872D3D200BB5221 /* ViewController.m */; };
		33F4849C2872D3D200BB5221 /* Main.storyboard in Resources */ = {isa = PBXBuildFile; fileRef = 33F4849A2872D3D200BB5221 /* Main.storyboard */; };
		33F4849E2872D3D600BB5221 /* Assets.xcassets in Resources */ = {isa = PBXBuildFile; fileRef = 33F4849D2872D3D600BB5221 /* Assets.xcassets */; };
		33F484A12872D3D600BB5221 /* LaunchScreen.storyboard in Resources */ = {isa = PBXBuildFile; fileRef = 33F4849F2872D3D600BB5221 /* LaunchScreen.storyboard */; };
		33F484A42872D3D600BB5221 /* main.m in Sources */ = {isa = PBXBuildFile; fileRef = 33F484A32872D3D600BB5221 /* main.m */; };
		33F484AD2872D4A800BB5221 /* SJChatTableViewCell.m in Sources */ = {isa = PBXBuildFile; fileRef = 33F484AB2872D4A800BB5221 /* SJChatTableViewCell.m */; };
		33F484AE2872D4A800BB5221 /* SJChatTableViewCell.xib in Resources */ = {isa = PBXBuildFile; fileRef = 33F484AC2872D4A800BB5221 /* SJChatTableViewCell.xib */; };
		33F484B22872D96300BB5221 /* SJPopMenu.m in Sources */ = {isa = PBXBuildFile; fileRef = 33F484B12872D96300BB5221 /* SJPopMenu.m */; };
		33F484B52872DA1400BB5221 /* SJPopMenuArrow.m in Sources */ = {isa = PBXBuildFile; fileRef = 33F484B42872DA1400BB5221 /* SJPopMenuArrow.m */; };
		33F484B92872DA5400BB5221 /* SJPopMenuCollectionViewCell.m in Sources */ = {isa = PBXBuildFile; fileRef = 33F484B72872DA5400BB5221 /* SJPopMenuCollectionViewCell.m */; };
		33F484BA2872DA5400BB5221 /* SJPopMenuCollectionViewCell.xib in Resources */ = {isa = PBXBuildFile; fileRef = 33F484B82872DA5400BB5221 /* SJPopMenuCollectionViewCell.xib */; };
		33F484BD2872DBD600BB5221 /* UIColor+Hex.m in Sources */ = {isa = PBXBuildFile; fileRef = 33F484BC2872DBD600BB5221 /* UIColor+Hex.m */; };
		33F484C02872DC4C00BB5221 /* SJKeyboardManager.m in Sources */ = {isa = PBXBuildFile; fileRef = 33F484BF2872DC4C00BB5221 /* SJKeyboardManager.m */; };
		33F484C62872E13B00BB5221 /* SJCustomSelectTextView.m in Sources */ = {isa = PBXBuildFile; fileRef = 33F484C52872E13B00BB5221 /* SJCustomSelectTextView.m */; };
/* End PBXBuildFile section */

/* Begin PBXFileReference section */
		33488FF02873D9D800E3687F /* SJPopMenu.gif */ = {isa = PBXFileReference; lastKnownFileType = image.gif; path = SJPopMenu.gif; sourceTree = "<group>"; };
		33488FF22873DF1900E3687F /* document.md */ = {isa = PBXFileReference; fileEncoding = 4; lastKnownFileType = net.daringfireball.markdown; path = document.md; sourceTree = "<group>"; };
		33F4848E2872D3D200BB5221 /* SJPopMenu.app */ = {isa = PBXFileReference; explicitFileType = wrapper.application; includeInIndex = 0; path = SJPopMenu.app; sourceTree = BUILT_PRODUCTS_DIR; };
		33F484912872D3D200BB5221 /* AppDelegate.h */ = {isa = PBXFileReference; lastKnownFileType = sourcecode.c.h; path = AppDelegate.h; sourceTree = "<group>"; };
		33F484922872D3D200BB5221 /* AppDelegate.m */ = {isa = PBXFileReference; lastKnownFileType = sourcecode.c.objc; path = AppDelegate.m; sourceTree = "<group>"; };
		33F484942872D3D200BB5221 /* SceneDelegate.h */ = {isa = PBXFileReference; lastKnownFileType = sourcecode.c.h; path = SceneDelegate.h; sourceTree = "<group>"; };
		33F484952872D3D200BB5221 /* SceneDelegate.m */ = {isa = PBXFileReference; lastKnownFileType = sourcecode.c.objc; path = SceneDelegate.m; sourceTree = "<group>"; };
		33F484972872D3D200BB5221 /* ViewController.h */ = {isa = PBXFileReference; lastKnownFileType = sourcecode.c.h; path = ViewController.h; sourceTree = "<group>"; };
		33F484982872D3D200BB5221 /* ViewController.m */ = {isa = PBXFileReference; lastKnownFileType = sourcecode.c.objc; path = ViewController.m; sourceTree = "<group>"; };
		33F4849B2872D3D200BB5221 /* Base */ = {isa = PBXFileReference; lastKnownFileType = file.storyboard; name = Base; path = Base.lproj/Main.storyboard; sourceTree = "<group>"; };
		33F4849D2872D3D600BB5221 /* Assets.xcassets */ = {isa = PBXFileReference; lastKnownFileType = folder.assetcatalog; path = Assets.xcassets; sourceTree = "<group>"; };
		33F484A02872D3D600BB5221 /* Base */ = {isa = PBXFileReference; lastKnownFileType = file.storyboard; name = Base; path = Base.lproj/LaunchScreen.storyboard; sourceTree = "<group>"; };
		33F484A22872D3D600BB5221 /* Info.plist */ = {isa = PBXFileReference; lastKnownFileType = text.plist.xml; path = Info.plist; sourceTree = "<group>"; };
		33F484A32872D3D600BB5221 /* main.m */ = {isa = PBXFileReference; lastKnownFileType = sourcecode.c.objc; path = main.m; sourceTree = "<group>"; };
		33F484AA2872D4A800BB5221 /* SJChatTableViewCell.h */ = {isa = PBXFileReference; lastKnownFileType = sourcecode.c.h; path = SJChatTableViewCell.h; sourceTree = "<group>"; };
		33F484AB2872D4A800BB5221 /* SJChatTableViewCell.m */ = {isa = PBXFileReference; lastKnownFileType = sourcecode.c.objc; path = SJChatTableViewCell.m; sourceTree = "<group>"; };
		33F484AC2872D4A800BB5221 /* SJChatTableViewCell.xib */ = {isa = PBXFileReference; lastKnownFileType = file.xib; path = SJChatTableViewCell.xib; sourceTree = "<group>"; };
		33F484B02872D96300BB5221 /* SJPopMenu.h */ = {isa = PBXFileReference; lastKnownFileType = sourcecode.c.h; path = SJPopMenu.h; sourceTree = "<group>"; };
		33F484B12872D96300BB5221 /* SJPopMenu.m */ = {isa = PBXFileReference; lastKnownFileType = sourcecode.c.objc; path = SJPopMenu.m; sourceTree = "<group>"; };
		33F484B32872DA1400BB5221 /* SJPopMenuArrow.h */ = {isa = PBXFileReference; lastKnownFileType = sourcecode.c.h; path = SJPopMenuArrow.h; sourceTree = "<group>"; };
		33F484B42872DA1400BB5221 /* SJPopMenuArrow.m */ = {isa = PBXFileReference; lastKnownFileType = sourcecode.c.objc; path = SJPopMenuArrow.m; sourceTree = "<group>"; };
		33F484B62872DA5400BB5221 /* SJPopMenuCollectionViewCell.h */ = {isa = PBXFileReference; lastKnownFileType = sourcecode.c.h; path = SJPopMenuCollectionViewCell.h; sourceTree = "<group>"; };
		33F484B72872DA5400BB5221 /* SJPopMenuCollectionViewCell.m */ = {isa = PBXFileReference; lastKnownFileType = sourcecode.c.objc; path = SJPopMenuCollectionViewCell.m; sourceTree = "<group>"; };
		33F484B82872DA5400BB5221 /* SJPopMenuCollectionViewCell.xib */ = {isa = PBXFileReference; lastKnownFileType = file.xib; path = SJPopMenuCollectionViewCell.xib; sourceTree = "<group>"; };
		33F484BB2872DBD600BB5221 /* UIColor+Hex.h */ = {isa = PBXFileReference; lastKnownFileType = sourcecode.c.h; path = "UIColor+Hex.h"; sourceTree = "<group>"; };
		33F484BC2872DBD600BB5221 /* UIColor+Hex.m */ = {isa = PBXFileReference; lastKnownFileType = sourcecode.c.objc; path = "UIColor+Hex.m"; sourceTree = "<group>"; };
		33F484BE2872DC4C00BB5221 /* SJKeyboardManager.h */ = {isa = PBXFileReference; lastKnownFileType = sourcecode.c.h; path = SJKeyboardManager.h; sourceTree = "<group>"; };
		33F484BF2872DC4C00BB5221 /* SJKeyboardManager.m */ = {isa = PBXFileReference; lastKnownFileType = sourcecode.c.objc; path = SJKeyboardManager.m; sourceTree = "<group>"; };
		33F484C42872E13B00BB5221 /* SJCustomSelectTextView.h */ = {isa = PBXFileReference; lastKnownFileType = sourcecode.c.h; path = SJCustomSelectTextView.h; sourceTree = "<group>"; };
		33F484C52872E13B00BB5221 /* SJCustomSelectTextView.m */ = {isa = PBXFileReference; lastKnownFileType = sourcecode.c.objc; path = SJCustomSelectTextView.m; sourceTree = "<group>"; };
/* End PBXFileReference section */

/* Begin PBXFrameworksBuildPhase section */
		33F4848B2872D3D200BB5221 /* Frameworks */ = {
			isa = PBXFrameworksBuildPhase;
			buildActionMask = 2147483647;
			files = (
			);
			runOnlyForDeploymentPostprocessing = 0;
		};
/* End PBXFrameworksBuildPhase section */

/* Begin PBXGroup section */
		33F484852872D3D200BB5221 = {
			isa = PBXGroup;
			children = (
				33F484902872D3D200BB5221 /* SJPopMenu */,
				33F4848F2872D3D200BB5221 /* Products */,
			);
			sourceTree = "<group>";
		};
		33F4848F2872D3D200BB5221 /* Products */ = {
			isa = PBXGroup;
			children = (
				33F4848E2872D3D200BB5221 /* SJPopMenu.app */,
			);
			name = Products;
			sourceTree = "<group>";
		};
		33F484902872D3D200BB5221 /* SJPopMenu */ = {
			isa = PBXGroup;
			children = (
				33F484AF2872D92800BB5221 /* SJPopMenu */,
				33F484912872D3D200BB5221 /* AppDelegate.h */,
				33F484922872D3D200BB5221 /* AppDelegate.m */,
				33F484942872D3D200BB5221 /* SceneDelegate.h */,
				33F484952872D3D200BB5221 /* SceneDelegate.m */,
				33F484972872D3D200BB5221 /* ViewController.h */,
				33F484982872D3D200BB5221 /* ViewController.m */,
				33F484AA2872D4A800BB5221 /* SJChatTableViewCell.h */,
				33F484AB2872D4A800BB5221 /* SJChatTableViewCell.m */,
				33F484AC2872D4A800BB5221 /* SJChatTableViewCell.xib */,
				33F4849A2872D3D200BB5221 /* Main.storyboard */,
				33F4849D2872D3D600BB5221 /* Assets.xcassets */,
				33F4849F2872D3D600BB5221 /* LaunchScreen.storyboard */,
				33F484A22872D3D600BB5221 /* Info.plist */,
				33F484A32872D3D600BB5221 /* main.m */,
				33F484BB2872DBD600BB5221 /* UIColor+Hex.h */,
				33F484BC2872DBD600BB5221 /* UIColor+Hex.m */,
				33F484BE2872DC4C00BB5221 /* SJKeyboardManager.h */,
				33F484BF2872DC4C00BB5221 /* SJKeyboardManager.m */,
			);
			path = SJPopMenu;
			sourceTree = "<group>";
		};
		33F484AF2872D92800BB5221 /* SJPopMenu */ = {
			isa = PBXGroup;
			children = (
				33F484B02872D96300BB5221 /* SJPopMenu.h */,
				33F484B12872D96300BB5221 /* SJPopMenu.m */,
				33F484B32872DA1400BB5221 /* SJPopMenuArrow.h */,
				33F484B42872DA1400BB5221 /* SJPopMenuArrow.m */,
				33F484B62872DA5400BB5221 /* SJPopMenuCollectionViewCell.h */,
				33F484B72872DA5400BB5221 /* SJPopMenuCollectionViewCell.m */,
				33F484B82872DA5400BB5221 /* SJPopMenuCollectionViewCell.xib */,
				33F484C42872E13B00BB5221 /* SJCustomSelectTextView.h */,
				33F484C52872E13B00BB5221 /* SJCustomSelectTextView.m */,
				33488FF02873D9D800E3687F /* SJPopMenu.gif */,
				33488FF22873DF1900E3687F /* document.md */,
			);
			path = SJPopMenu;
			sourceTree = "<group>";
		};
/* End PBXGroup section */

/* Begin PBXNativeTarget section */
		33F4848D2872D3D200BB5221 /* SJPopMenu */ = {
			isa = PBXNativeTarget;
			buildConfigurationList = 33F484A72872D3D600BB5221 /* Build configuration list for PBXNativeTarget "SJPopMenu" */;
			buildPhases = (
				33F4848A2872D3D200BB5221 /* Sources */,
				33F4848B2872D3D200BB5221 /* Frameworks */,
				33F4848C2872D3D200BB5221 /* Resources */,
			);
			buildRules = (
			);
			dependencies = (
			);
			name = SJPopMenu;
			productName = SJPopMenu;
			productReference = 33F4848E2872D3D200BB5221 /* SJPopMenu.app */;
			productType = "com.apple.product-type.application";
		};
/* End PBXNativeTarget section */

/* Begin PBXProject section */
		33F484862872D3D200BB5221 /* Project object */ = {
			isa = PBXProject;
			attributes = {
				LastUpgradeCheck = 1250;
				TargetAttributes = {
					33F4848D2872D3D200BB5221 = {
						CreatedOnToolsVersion = 12.5;
					};
				};
			};
			buildConfigurationList = 33F484892872D3D200BB5221 /* Build configuration list for PBXProject "SJPopMenu" */;
			compatibilityVersion = "Xcode 9.3";
			developmentRegion = en;
			hasScannedForEncodings = 0;
			knownRegions = (
				en,
				Base,
			);
			mainGroup = 33F484852872D3D200BB5221;
			productRefGroup = 33F4848F2872D3D200BB5221 /* Products */;
			projectDirPath = "";
			projectRoot = "";
			targets = (
				33F4848D2872D3D200BB5221 /* SJPopMenu */,
			);
		};
/* End PBXProject section */

/* Begin PBXResourcesBuildPhase section */
		33F4848C2872D3D200BB5221 /* Resources */ = {
			isa = PBXResourcesBuildPhase;
			buildActionMask = 2147483647;
			files = (
				33F484AE2872D4A800BB5221 /* SJChatTableViewCell.xib in Resources */,
				33F484A12872D3D600BB5221 /* LaunchScreen.storyboard in Resources */,
				33F4849E2872D3D600BB5221 /* Assets.xcassets in Resources */,
				33F4849C2872D3D200BB5221 /* Main.storyboard in Resources */,
				33F484BA2872DA5400BB5221 /* SJPopMenuCollectionViewCell.xib in Resources */,
			);
			runOnlyForDeploymentPostprocessing = 0;
		};
/* End PBXResourcesBuildPhase section */

/* Begin PBXSourcesBuildPhase section */
		33F4848A2872D3D200BB5221 /* Sources */ = {
			isa = PBXSourcesBuildPhase;
			buildActionMask = 2147483647;
			files = (
				33F484B92872DA5400BB5221 /* SJPopMenuCollectionViewCell.m in Sources */,
				33F484C02872DC4C00BB5221 /* SJKeyboardManager.m in Sources */,
				33F484AD2872D4A800BB5221 /* SJChatTableViewCell.m in Sources */,
				33F484992872D3D200BB5221 /* ViewController.m in Sources */,
				33F484932872D3D200BB5221 /* AppDelegate.m in Sources */,
				33F484BD2872DBD600BB5221 /* UIColor+Hex.m in Sources */,
				33F484C62872E13B00BB5221 /* SJCustomSelectTextView.m in Sources */,
				33F484B22872D96300BB5221 /* SJPopMenu.m in Sources */,
				33F484A42872D3D600BB5221 /* main.m in Sources */,
				33F484962872D3D200BB5221 /* SceneDelegate.m in Sources */,
				33F484B52872DA1400BB5221 /* SJPopMenuArrow.m in Sources */,
			);
			runOnlyForDeploymentPostprocessing = 0;
		};
/* End PBXSourcesBuildPhase section */

/* Begin PBXVariantGroup section */
		33F4849A2872D3D200BB5221 /* Main.storyboard */ = {
			isa = PBXVariantGroup;
			children = (
				33F4849B2872D3D200BB5221 /* Base */,
			);
			name = Main.storyboard;
			sourceTree = "<group>";
		};
		33F4849F2872D3D600BB5221 /* LaunchScreen.storyboard */ = {
			isa = PBXVariantGroup;
			children = (
				33F484A02872D3D600BB5221 /* Base */,
			);
			name = LaunchScreen.storyboard;
			sourceTree = "<group>";
		};
/* End PBXVariantGroup section */

/* Begin XCBuildConfiguration section */
		33F484A52872D3D600BB5221 /* Debug */ = {
			isa = XCBuildConfiguration;
			buildSettings = {
				ALWAYS_SEARCH_USER_PATHS = NO;
				CLANG_ANALYZER_NONNULL = YES;
				CLANG_ANALYZER_NUMBER_OBJECT_CONVERSION = YES_AGGRESSIVE;
				CLANG_CXX_LANGUAGE_STANDARD = "gnu++14";
				CLANG_CXX_LIBRARY = "libc++";
				CLANG_ENABLE_MODULES = YES;
				CLANG_ENABLE_OBJC_ARC = YES;
				CLANG_ENABLE_OBJC_WEAK = YES;
				CLANG_WARN_BLOCK_CAPTURE_AUTORELEASING = YES;
				CLANG_WARN_BOOL_CONVERSION = YES;
				CLANG_WARN_COMMA = YES;
				CLANG_WARN_CONSTANT_CONVERSION = YES;
				CLANG_WARN_DEPRECATED_OBJC_IMPLEMENTATIONS = YES;
				CLANG_WARN_DIRECT_OBJC_ISA_USAGE = YES_ERROR;
				CLANG_WARN_DOCUMENTATION_COMMENTS = YES;
				CLANG_WARN_EMPTY_BODY = YES;
				CLANG_WARN_ENUM_CONVERSION = YES;
				CLANG_WARN_INFINITE_RECURSION = YES;
				CLANG_WARN_INT_CONVERSION = YES;
				CLANG_WARN_NON_LITERAL_NULL_CONVERSION = YES;
				CLANG_WARN_OBJC_IMPLICIT_RETAIN_SELF = YES;
				CLANG_WARN_OBJC_LITERAL_CONVERSION = YES;
				CLANG_WARN_OBJC_ROOT_CLASS = YES_ERROR;
				CLANG_WARN_QUOTED_INCLUDE_IN_FRAMEWORK_HEADER = YES;
				CLANG_WARN_RANGE_LOOP_ANALYSIS = YES;
				CLANG_WARN_STRICT_PROTOTYPES = YES;
				CLANG_WARN_SUSPICIOUS_MOVE = YES;
				CLANG_WARN_UNGUARDED_AVAILABILITY = YES_AGGRESSIVE;
				CLANG_WARN_UNREACHABLE_CODE = YES;
				CLANG_WARN__DUPLICATE_METHOD_MATCH = YES;
				COPY_PHASE_STRIP = NO;
				DEBUG_INFORMATION_FORMAT = dwarf;
				ENABLE_STRICT_OBJC_MSGSEND = YES;
				ENABLE_TESTABILITY = YES;
				GCC_C_LANGUAGE_STANDARD = gnu11;
				GCC_DYNAMIC_NO_PIC = NO;
				GCC_NO_COMMON_BLOCKS = YES;
				GCC_OPTIMIZATION_LEVEL = 0;
				GCC_PREPROCESSOR_DEFINITIONS = (
					"DEBUG=1",
					"$(inherited)",
				);
				GCC_WARN_64_TO_32_BIT_CONVERSION = YES;
				GCC_WARN_ABOUT_RETURN_TYPE = YES_ERROR;
				GCC_WARN_UNDECLARED_SELECTOR = YES;
				GCC_WARN_UNINITIALIZED_AUTOS = YES_AGGRESSIVE;
				GCC_WARN_UNUSED_FUNCTION = YES;
				GCC_WARN_UNUSED_VARIABLE = YES;
				IPHONEOS_DEPLOYMENT_TARGET = 14.5;
				MTL_ENABLE_DEBUG_INFO = INCLUDE_SOURCE;
				MTL_FAST_MATH = YES;
				ONLY_ACTIVE_ARCH = YES;
				SDKROOT = iphoneos;
			};
			name = Debug;
		};
		33F484A62872D3D600BB5221 /* Release */ = {
			isa = XCBuildConfiguration;
			buildSettings = {
				ALWAYS_SEARCH_USER_PATHS = NO;
				CLANG_ANALYZER_NONNULL = YES;
				CLANG_ANALYZER_NUMBER_OBJECT_CONVERSION = YES_AGGRESSIVE;
				CLANG_CXX_LANGUAGE_STANDARD = "gnu++14";
				CLANG_CXX_LIBRARY = "libc++";
				CLANG_ENABLE_MODULES = YES;
				CLANG_ENABLE_OBJC_ARC = YES;
				CLANG_ENABLE_OBJC_WEAK = YES;
				CLANG_WARN_BLOCK_CAPTURE_AUTORELEASING = YES;
				CLANG_WARN_BOOL_CONVERSION = YES;
				CLANG_WARN_COMMA = YES;
				CLANG_WARN_CONSTANT_CONVERSION = YES;
				CLANG_WARN_DEPRECATED_OBJC_IMPLEMENTATIONS = YES;
				CLANG_WARN_DIRECT_OBJC_ISA_USAGE = YES_ERROR;
				CLANG_WARN_DOCUMENTATION_COMMENTS = YES;
				CLANG_WARN_EMPTY_BODY = YES;
				CLANG_WARN_ENUM_CONVERSION = YES;
				CLANG_WARN_INFINITE_RECURSION = YES;
				CLANG_WARN_INT_CONVERSION = YES;
				CLANG_WARN_NON_LITERAL_NULL_CONVERSION = YES;
				CLANG_WARN_OBJC_IMPLICIT_RETAIN_SELF = YES;
				CLANG_WARN_OBJC_LITERAL_CONVERSION = YES;
				CLANG_WARN_OBJC_ROOT_CLASS = YES_ERROR;
				CLANG_WARN_QUOTED_INCLUDE_IN_FRAMEWORK_HEADER = YES;
				CLANG_WARN_RANGE_LOOP_ANALYSIS = YES;
				CLANG_WARN_STRICT_PROTOTYPES = YES;
				CLANG_WARN_SUSPICIOUS_MOVE = YES;
				CLANG_WARN_UNGUARDED_AVAILABILITY = YES_AGGRESSIVE;
				CLANG_WARN_UNREACHABLE_CODE = YES;
				CLANG_WARN__DUPLICATE_METHOD_MATCH = YES;
				COPY_PHASE_STRIP = NO;
				DEBUG_INFORMATION_FORMAT = "dwarf-with-dsym";
				ENABLE_NS_ASSERTIONS = NO;
				ENABLE_STRICT_OBJC_MSGSEND = YES;
				GCC_C_LANGUAGE_STANDARD = gnu11;
				GCC_NO_COMMON_BLOCKS = YES;
				GCC_WARN_64_TO_32_BIT_CONVERSION = YES;
				GCC_WARN_ABOUT_RETURN_TYPE = YES_ERROR;
				GCC_WARN_UNDECLARED_SELECTOR = YES;
				GCC_WARN_UNINITIALIZED_AUTOS = YES_AGGRESSIVE;
				GCC_WARN_UNUSED_FUNCTION = YES;
				GCC_WARN_UNUSED_VARIABLE = YES;
				IPHONEOS_DEPLOYMENT_TARGET = 14.5;
				MTL_ENABLE_DEBUG_INFO = NO;
				MTL_FAST_MATH = YES;
				SDKROOT = iphoneos;
				VALIDATE_PRODUCT = YES;
			};
			name = Release;
		};
		33F484A82872D3D600BB5221 /* Debug */ = {
			isa = XCBuildConfiguration;
			buildSettings = {
				ASSETCATALOG_COMPILER_APPICON_NAME = AppIcon;
				ASSETCATALOG_COMPILER_GLOBAL_ACCENT_COLOR_NAME = AccentColor;
				CODE_SIGN_STYLE = Automatic;
				INFOPLIST_FILE = SJPopMenu/Info.plist;
				IPHONEOS_DEPLOYMENT_TARGET = 10.0;
				LD_RUNPATH_SEARCH_PATHS = (
					"$(inherited)",
					"@executable_path/Frameworks",
				);
				PRODUCT_BUNDLE_IDENTIFIER = sj.com.SJPopMenu;
				PRODUCT_NAME = "$(TARGET_NAME)";
				TARGETED_DEVICE_FAMILY = "1,2";
			};
			name = Debug;
		};
		33F484A92872D3D600BB5221 /* Release */ = {
			isa = XCBuildConfiguration;
			buildSettings = {
				ASSETCATALOG_COMPILER_APPICON_NAME = AppIcon;
				ASSETCATALOG_COMPILER_GLOBAL_ACCENT_COLOR_NAME = AccentColor;
				CODE_SIGN_STYLE = Automatic;
				INFOPLIST_FILE = SJPopMenu/Info.plist;
				IPHONEOS_DEPLOYMENT_TARGET = 10.0;
				LD_RUNPATH_SEARCH_PATHS = (
					"$(inherited)",
					"@executable_path/Frameworks",
				);
				PRODUCT_BUNDLE_IDENTIFIER = sj.com.SJPopMenu;
				PRODUCT_NAME = "$(TARGET_NAME)";
				TARGETED_DEVICE_FAMILY = "1,2";
			};
			name = Release;
		};
/* End XCBuildConfiguration section */

/* Begin XCConfigurationList section */
		33F484892872D3D200BB5221 /* Build configuration list for PBXProject "SJPopMenu" */ = {
			isa = XCConfigurationList;
			buildConfigurations = (
				33F484A52872D3D600BB5221 /* Debug */,
				33F484A62872D3D600BB5221 /* Release */,
			);
			defaultConfigurationIsVisible = 0;
			defaultConfigurationName = Release;
		};
		33F484A72872D3D600BB5221 /* Build configuration list for PBXNativeTarget "SJPopMenu" */ = {
			isa = XCConfigurationList;
			buildConfigurations = (
				33F484A82872D3D600BB5221 /* Debug */,
				33F484A92872D3D600BB5221 /* Release */,
			);
			defaultConfigurationIsVisible = 0;
			defaultConfigurationName = Release;
		};
/* End XCConfigurationList section */
	};
	rootObject = 33F484862872D3D200BB5221 /* Project object */;
}
